
Microsoft Visual Studio Solution File, Format Version 12.00
# Visual Studio Version 17
VisualStudioVersion = 17.6.33815.320
MinimumVisualStudioVersion = 10.0.40219.1
Project("{FAE04EC0-301F-11D3-BF4B-00C04F79EFBC}") = "LinkedListProblem", "LinkedListProblem.csproj", "{7CABD7E4-B404-466F-9A35-7CEBE50A59DB}"
EndProject
Global
	GlobalSection(SolutionConfigurationPlatforms) = preSolution
		Debug|Any CPU = Debug|Any CPU
		Release|Any CPU = Release|Any CPU
	EndGlobalSection
	GlobalSection(ProjectConfigurationPlatforms) = postSolution
		{7CABD7E4-B404-466F-9A35-7CEBE50A59DB}.Debug|Any CPU.ActiveCfg = Debug|Any CPU
		{7CABD7E4-B404-466F-9A35-7CEBE50A59DB}.Debug|Any CPU.Build.0 = Debug|Any CPU
		{7CABD7E4-B404-466F-9A35-7CEBE50A59DB}.Release|Any CPU.ActiveCfg = Release|Any CPU
		{7CABD7E4-B404-466F-9A35-7CEBE50A59DB}.Release|Any CPU.Build.0 = Release|Any CPU
	EndGlobalSection
	GlobalSection(SolutionProperties) = preSolution
		HideSolutionNode = FALSE
	EndGlobalSection
	GlobalSection(ExtensibilityGlobals) = postSolution
		SolutionGuid = {326CAB77-5910-4E0F-B2FA-393CB34B64D9}
	EndGlobalSection
EndGlobal
